// !$*UTF8*$!
{
	archiveVersion = 1;
	classes = {
	};
	objectVersion = 46;
	objects = {

/* Begin PBXBuildFile section */
		A17135DE1CDD81D90090B00C /* PylintPlugin.m in Sources */ = {isa = PBXBuildFile; fileRef = A17135DD1CDD81D90090B00C /* PylintPlugin.m */; };
		A1E454151CE3B9D1009B5A24 /* Linter.m in Sources */ = {isa = PBXBuildFile; fileRef = A1E454141CE3B9D1009B5A24 /* Linter.m */; };
		A1F352261CE3AFC2008A382E /* Runner.m in Sources */ = {isa = PBXBuildFile; fileRef = A1F352251CE3AFC2008A382E /* Runner.m */; };
/* End PBXBuildFile section */

/* Begin PBXFileReference section */
		A17135D21CDD80B40090B00C /* CodaPylint.codaplugin */ = {isa = PBXFileReference; explicitFileType = wrapper.cfbundle; includeInIndex = 0; path = CodaPylint.codaplugin; sourceTree = BUILT_PRODUCTS_DIR; };
		A17135D51CDD80B40090B00C /* Info.plist */ = {isa = PBXFileReference; lastKnownFileType = text.plist.xml; path = Info.plist; sourceTree = "<group>"; };
		A17135DB1CDD81940090B00C /* CodaPluginsController.h */ = {isa = PBXFileReference; fileEncoding = 4; lastKnownFileType = sourcecode.c.h; path = CodaPluginsController.h; sourceTree = "<group>"; };
		A17135DD1CDD81D90090B00C /* PylintPlugin.m */ = {isa = PBXFileReference; fileEncoding = 4; lastKnownFileType = sourcecode.c.objc; path = PylintPlugin.m; sourceTree = "<group>"; };
		A1E454131CE3B9D1009B5A24 /* Linter.h */ = {isa = PBXFileReference; fileEncoding = 4; lastKnownFileType = sourcecode.c.h; path = Linter.h; sourceTree = "<group>"; };
		A1E454141CE3B9D1009B5A24 /* Linter.m */ = {isa = PBXFileReference; fileEncoding = 4; lastKnownFileType = sourcecode.c.objc; path = Linter.m; sourceTree = "<group>"; };
		A1F352241CE3AFC2008A382E /* Runner.h */ = {isa = PBXFileReference; fileEncoding = 4; lastKnownFileType = sourcecode.c.h; path = Runner.h; sourceTree = "<group>"; };
		A1F352251CE3AFC2008A382E /* Runner.m */ = {isa = PBXFileReference; fileEncoding = 4; lastKnownFileType = sourcecode.c.objc; path = Runner.m; sourceTree = "<group>"; };
/* End PBXFileReference section */

/* Begin PBXFrameworksBuildPhase section */
		A17135CF1CDD80B40090B00C /* Frameworks */ = {
			isa = PBXFrameworksBuildPhase;
			buildActionMask = 2147483647;
			files = (
			);
			runOnlyForDeploymentPostprocessing = 0;
		};
/* End PBXFrameworksBuildPhase section */

/* Begin PBXGroup section */
		A17135C91CDD80B40090B00C = {
			isa = PBXGroup;
			children = (
				A17135D41CDD80B40090B00C /* CodaPylint */,
				A17135D31CDD80B40090B00C /* Products */,
			);
			sourceTree = "<group>";
		};
		A17135D31CDD80B40090B00C /* Products */ = {
			isa = PBXGroup;
			children = (
				A17135D21CDD80B40090B00C /* CodaPylint.codaplugin */,
			);
			name = Products;
			sourceTree = "<group>";
		};
		A17135D41CDD80B40090B00C /* CodaPylint */ = {
			isa = PBXGroup;
			children = (
				A17135D51CDD80B40090B00C /* Info.plist */,
				A17135DB1CDD81940090B00C /* CodaPluginsController.h */,
				A17135DD1CDD81D90090B00C /* PylintPlugin.m */,
				A1E454131CE3B9D1009B5A24 /* Linter.h */,
				A1E454141CE3B9D1009B5A24 /* Linter.m */,
				A1F352241CE3AFC2008A382E /* Runner.h */,
				A1F352251CE3AFC2008A382E /* Runner.m */,
			);
			path = CodaPylint;
			sourceTree = "<group>";
		};
/* End PBXGroup section */

/* Begin PBXNativeTarget section */
		A17135D11CDD80B40090B00C /* CodaPylint */ = {
			isa = PBXNativeTarget;
			buildConfigurationList = A17135D81CDD80B40090B00C /* Build configuration list for PBXNativeTarget "CodaPylint" */;
			buildPhases = (
				A17135CE1CDD80B40090B00C /* Sources */,
				A17135CF1CDD80B40090B00C /* Frameworks */,
				A17135D01CDD80B40090B00C /* Resources */,
			);
			buildRules = (
			);
			dependencies = (
			);
			name = CodaPylint;
			productName = CodaPylint;
			productReference = A17135D21CDD80B40090B00C /* CodaPylint.codaplugin */;
			productType = "com.apple.product-type.bundle";
		};
/* End PBXNativeTarget section */

/* Begin PBXProject section */
		A17135CA1CDD80B40090B00C /* Project object */ = {
			isa = PBXProject;
			attributes = {
				LastUpgradeCheck = 0730;
				ORGANIZATIONNAME = "Joe Smith";
				TargetAttributes = {
					A17135D11CDD80B40090B00C = {
						CreatedOnToolsVersion = 7.3.1;
					};
				};
			};
			buildConfigurationList = A17135CD1CDD80B40090B00C /* Build configuration list for PBXProject "CodaPylint" */;
			compatibilityVersion = "Xcode 3.2";
			developmentRegion = English;
			hasScannedForEncodings = 0;
			knownRegions = (
				en,
			);
			mainGroup = A17135C91CDD80B40090B00C;
			productRefGroup = A17135D31CDD80B40090B00C /* Products */;
			projectDirPath = "";
			projectRoot = "";
			targets = (
				A17135D11CDD80B40090B00C /* CodaPylint */,
			);
		};
/* End PBXProject section */

/* Begin PBXResourcesBuildPhase section */
		A17135D01CDD80B40090B00C /* Resources */ = {
			isa = PBXResourcesBuildPhase;
			buildActionMask = 2147483647;
			files = (
			);
			runOnlyForDeploymentPostprocessing = 0;
		};
/* End PBXResourcesBuildPhase section */

/* Begin PBXSourcesBuildPhase section */
		A17135CE1CDD80B40090B00C /* Sources */ = {
			isa = PBXSourcesBuildPhase;
			buildActionMask = 2147483647;
			files = (
				A17135DE1CDD81D90090B00C /* PylintPlugin.m in Sources */,
				A1E454151CE3B9D1009B5A24 /* Linter.m in Sources */,
				A1F352261CE3AFC2008A382E /* Runner.m in Sources */,
			);
			runOnlyForDeploymentPostprocessing = 0;
		};
/* End PBXSourcesBuildPhase section */

/* Begin XCBuildConfiguration section */
		A17135D61CDD80B40090B00C /* Debug */ = {
			isa = XCBuildConfiguration;
			buildSettings = {
				ALWAYS_SEARCH_USER_PATHS = NO;
				CLANG_ANALYZER_NONNULL = YES;
				CLANG_CXX_LANGUAGE_STANDARD = "gnu++0x";
				CLANG_CXX_LIBRARY = "libc++";
				CLANG_ENABLE_MODULES = YES;
				CLANG_ENABLE_OBJC_ARC = YES;
				CLANG_WARN_BOOL_CONVERSION = YES;
				CLANG_WARN_CONSTANT_CONVERSION = YES;
				CLANG_WARN_DIRECT_OBJC_ISA_USAGE = YES_ERROR;
				CLANG_WARN_EMPTY_BODY = YES;
				CLANG_WARN_ENUM_CONVERSION = YES;
				CLANG_WARN_INT_CONVERSION = YES;
				CLANG_WARN_OBJC_ROOT_CLASS = YES_ERROR;
				CLANG_WARN_UNREACHABLE_CODE = YES;
				CLANG_WARN__DUPLICATE_METHOD_MATCH = YES;
				CODE_SIGN_IDENTITY = "-";
				COPY_PHASE_STRIP = NO;
				DEBUG_INFORMATION_FORMAT = dwarf;
				ENABLE_STRICT_OBJC_MSGSEND = YES;
				ENABLE_TESTABILITY = YES;
				GCC_C_LANGUAGE_STANDARD = gnu99;
				GCC_DYNAMIC_NO_PIC = NO;
				GCC_NO_COMMON_BLOCKS = YES;
				GCC_OPTIMIZATION_LEVEL = 0;
				GCC_PREPROCESSOR_DEFINITIONS = (
					"DEBUG=1",
					"$(inherited)",
				);
				GCC_WARN_64_TO_32_BIT_CONVERSION = YES;
				GCC_WARN_ABOUT_RETURN_TYPE = YES_ERROR;
				GCC_WARN_UNDECLARED_SELECTOR = YES;
				GCC_WARN_UNINITIALIZED_AUTOS = YES_AGGRESSIVE;
				GCC_WARN_UNUSED_FUNCTION = YES;
				GCC_WARN_UNUSED_VARIABLE = YES;
				MACOSX_DEPLOYMENT_TARGET = 10.11;
				MTL_ENABLE_DEBUG_INFO = YES;
				ONLY_ACTIVE_ARCH = YES;
				SDKROOT = macosx;
			};
			name = Debug;
		};
		A17135D71CDD80B40090B00C /* Release */ = {
			isa = XCBuildConfiguration;
			buildSettings = {
				ALWAYS_SEARCH_USER_PATHS = NO;
				CLANG_ANALYZER_NONNULL = YES;
				CLANG_CXX_LANGUAGE_STANDARD = "gnu++0x";
				CLANG_CXX_LIBRARY = "libc++";
				CLANG_ENABLE_MODULES = YES;
				CLANG_ENABLE_OBJC_ARC = YES;
				CLANG_WARN_BOOL_CONVERSION = YES;
				CLANG_WARN_CONSTANT_CONVERSION = YES;
				CLANG_WARN_DIRECT_OBJC_ISA_USAGE = YES_ERROR;
				CLANG_WARN_EMPTY_BODY = YES;
				CLANG_WARN_ENUM_CONVERSION = YES;
				CLANG_WARN_INT_CONVERSION = YES;
				CLANG_WARN_OBJC_ROOT_CLASS = YES_ERROR;
				CLANG_WARN_UNREACHABLE_CODE = YES;
				CLANG_WARN__DUPLICATE_METHOD_MATCH = YES;
				CODE_SIGN_IDENTITY = "-";
				COPY_PHASE_STRIP = NO;
				DEBUG_INFORMATION_FORMAT = "dwarf-with-dsym";
				ENABLE_NS_ASSERTIONS = NO;
				ENABLE_STRICT_OBJC_MSGSEND = YES;
				GCC_C_LANGUAGE_STANDARD = gnu99;
				GCC_NO_COMMON_BLOCKS = YES;
				GCC_WARN_64_TO_32_BIT_CONVERSION = YES;
				GCC_WARN_ABOUT_RETURN_TYPE = YES_ERROR;
				GCC_WARN_UNDECLARED_SELECTOR = YES;
				GCC_WARN_UNINITIALIZED_AUTOS = YES_AGGRESSIVE;
				GCC_WARN_UNUSED_FUNCTION = YES;
				GCC_WARN_UNUSED_VARIABLE = YES;
				MACOSX_DEPLOYMENT_TARGET = 10.11;
				MTL_ENABLE_DEBUG_INFO = NO;
				SDKROOT = macosx;
			};
			name = Release;
		};
		A17135D91CDD80B40090B00C /* Debug */ = {
			isa = XCBuildConfiguration;
			buildSettings = {
				COMBINE_HIDPI_IMAGES = YES;
				INFOPLIST_FILE = CodaPylint/Info.plist;
				INSTALL_PATH = "$(LOCAL_LIBRARY_DIR)/Bundles";
				PRODUCT_BUNDLE_IDENTIFIER = com.bjoli.CodaPylint;
				PRODUCT_NAME = "$(TARGET_NAME)";
				SKIP_INSTALL = YES;
				WRAPPER_EXTENSION = codaplugin;
			};
			name = Debug;
		};
		A17135DA1CDD80B40090B00C /* Release */ = {
			isa = XCBuildConfiguration;
			buildSettings = {
				COMBINE_HIDPI_IMAGES = YES;
				INFOPLIST_FILE = CodaPylint/Info.plist;
				INSTALL_PATH = "$(LOCAL_LIBRARY_DIR)/Bundles";
				PRODUCT_BUNDLE_IDENTIFIER = com.bjoli.CodaPylint;
				PRODUCT_NAME = "$(TARGET_NAME)";
				SKIP_INSTALL = YES;
				WRAPPER_EXTENSION = codaplugin;
			};
			name = Release;
		};
/* End XCBuildConfiguration section */

/* Begin XCConfigurationList section */
		A17135CD1CDD80B40090B00C /* Build configuration list for PBXProject "CodaPylint" */ = {
			isa = XCConfigurationList;
			buildConfigurations = (
				A17135D61CDD80B40090B00C /* Debug */,
				A17135D71CDD80B40090B00C /* Release */,
			);
			defaultConfigurationIsVisible = 0;
			defaultConfigurationName = Release;
		};
		A17135D81CDD80B40090B00C /* Build configuration list for PBXNativeTarget "CodaPylint" */ = {
			isa = XCConfigurationList;
			buildConfigurations = (
				A17135D91CDD80B40090B00C /* Debug */,
				A17135DA1CDD80B40090B00C /* Release */,
			);
			defaultConfigurationIsVisible = 0;
			defaultConfigurationName = Release;
		};
/* End XCConfigurationList section */
	};
	rootObject = A17135CA1CDD80B40090B00C /* Project object */;
}
